{
  "name": "duckerdbg",
  "version": "0.0.1",
  "lockfileVersion": 1,
  "requires": true,
  "dependencies": {
    "clone": {
      "version": "2.1.2",
      "resolved": "https://registry.npmjs.org/clone/-/clone-2.1.2.tgz",
      "integrity": "sha1-G39Ln1kfHo+DZwQBYANFoCiHQ18="
    },
    "error-stack-parser": {
      "version": "2.0.4",
      "resolved": "https://registry.npmjs.org/error-stack-parser/-/error-stack-parser-2.0.4.tgz",
      "integrity": "sha512-fZ0KkoxSjLFmhW5lHbUT3tLwy3nX1qEzMYo8koY1vrsAco53CMT1djnBSeC/wUjTEZRhZl9iRw7PaMaxfJ4wzQ==",
      "requires": {
        "stackframe": "^1.1.0"
      }
    },
    "source-map": {
      "version": "0.5.6",
      "resolved": "https://registry.npmjs.org/source-map/-/source-map-0.5.6.tgz",
      "integrity": "sha1-dc449SvwczxafwwRjYEzSiu19BI="
    },
    "stack-generator": {
      "version": "2.0.4",
      "resolved": "https://registry.npmjs.org/stack-generator/-/stack-generator-2.0.4.tgz",
      "integrity": "sha512-ha1gosTNcgxwzo9uKTQ8zZ49aUp5FIUW58YHFxCqaAHtE0XqBg0chGFYA1MfmW//x1KWq3F4G7Ug7bJh4RiRtg==",
      "requires": {
        "stackframe": "^1.1.0"
      }
    },
    "stackframe": {
      "version": "1.1.0",
      "resolved": "https://registry.npmjs.org/stackframe/-/stackframe-1.1.0.tgz",
      "integrity": "sha512-Vx6W1Yvy+AM1R/ckVwcHQHV147pTPBKWCRLrXMuPrFVfvBUc3os7PR1QLIWCMhPpRg5eX9ojzbQIMLGBwyLjqg=="
    },
    "stacktrace-gps": {
      "version": "3.0.3",
      "resolved": "https://registry.npmjs.org/stacktrace-gps/-/stacktrace-gps-3.0.3.tgz",
      "integrity": "sha512-51Rr7dXkyFUKNmhY/vqZWK+EvdsfFSRiQVtgHTFlAdNIYaDD7bVh21yBHXaNWAvTD+w+QSjxHg7/v6Tz4veExA==",
      "requires": {
        "source-map": "0.5.6",
        "stackframe": "^1.1.0"
      }
    },
    "stacktrace-js": {
      "version": "2.0.1",
      "resolved": "https://registry.npmjs.org/stacktrace-js/-/stacktrace-js-2.0.1.tgz",
      "integrity": "sha512-13oDNgBSeWtdGa4/2BycNyKqe+VktCoJ8VLx4pDoJkwGGJVtiHdfMOAj3aW9xTi8oR2v34z9IcvfCvT6XNdNAw==",
      "requires": {
        "error-stack-parser": "^2.0.4",
        "stack-generator": "^2.0.4",
        "stacktrace-gps": "^3.0.3"
      }
    }
  }
}
